// !$*UTF8*$!
{
	archiveVersion = 1;
	classes = {
	};
	objectVersion = 46;
	objects = {

/* Begin PBXBuildFile section */
		22B1A6301386DA5500D1DF39 /* UIKit.framework in Frameworks */ = {isa = PBXBuildFile; fileRef = 22B1A62F1386DA5500D1DF39 /* UIKit.framework */; };
		22B1A6321386DA5500D1DF39 /* Foundation.framework in Frameworks */ = {isa = PBXBuildFile; fileRef = 22B1A6311386DA5500D1DF39 /* Foundation.framework */; };
		22B1A6341386DA5500D1DF39 /* CoreGraphics.framework in Frameworks */ = {isa = PBXBuildFile; fileRef = 22B1A6331386DA5500D1DF39 /* CoreGraphics.framework */; };
		22B1A63A1386DA5500D1DF39 /* InfoPlist.strings in Resources */ = {isa = PBXBuildFile; fileRef = 22B1A6381386DA5500D1DF39 /* InfoPlist.strings */; };
		22B1A63D1386DA5500D1DF39 /* main.m in Sources */ = {isa = PBXBuildFile; fileRef = 22B1A63C1386DA5500D1DF39 /* main.m */; };
		22B1A6401386DA5500D1DF39 /* PicUpAppDelegate.m in Sources */ = {isa = PBXBuildFile; fileRef = 22B1A63F1386DA5500D1DF39 /* PicUpAppDelegate.m */; };
		22B1A6431386DA5500D1DF39 /* MainWindow.xib in Resources */ = {isa = PBXBuildFile; fileRef = 22B1A6411386DA5500D1DF39 /* MainWindow.xib */; };
		22B1A6461386DA5500D1DF39 /* PicUpViewController.m in Sources */ = {isa = PBXBuildFile; fileRef = 22B1A6451386DA5500D1DF39 /* PicUpViewController.m */; };
		22B1A6491386DA5500D1DF39 /* PicUpViewController.xib in Resources */ = {isa = PBXBuildFile; fileRef = 22B1A6471386DA5500D1DF39 /* PicUpViewController.xib */; };
		22B1A6501386DA5500D1DF39 /* UIKit.framework in Frameworks */ = {isa = PBXBuildFile; fileRef = 22B1A62F1386DA5500D1DF39 /* UIKit.framework */; };
		22B1A6511386DA5500D1DF39 /* Foundation.framework in Frameworks */ = {isa = PBXBuildFile; fileRef = 22B1A6311386DA5500D1DF39 /* Foundation.framework */; };
		22B1A6521386DA5500D1DF39 /* CoreGraphics.framework in Frameworks */ = {isa = PBXBuildFile; fileRef = 22B1A6331386DA5500D1DF39 /* CoreGraphics.framework */; };
		22B1A65A1386DA5500D1DF39 /* InfoPlist.strings in Resources */ = {isa = PBXBuildFile; fileRef = 22B1A6581386DA5500D1DF39 /* InfoPlist.strings */; };
		22B1A65D1386DA5500D1DF39 /* PicUpTests.h in Resources */ = {isa = PBXBuildFile; fileRef = 22B1A65C1386DA5500D1DF39 /* PicUpTests.h */; };
		22B1A65F1386DA5500D1DF39 /* PicUpTests.m in Sources */ = {isa = PBXBuildFile; fileRef = 22B1A65E1386DA5500D1DF39 /* PicUpTests.m */; };
		22B1A67D13871D2D00D1DF39 /* ASINetworkQueue.m in Sources */ = {isa = PBXBuildFile; fileRef = 22B1A66A13871D2D00D1DF39 /* ASINetworkQueue.m */; };
		22B1A67E13871D2D00D1DF39 /* ASIInputStream.m in Sources */ = {isa = PBXBuildFile; fileRef = 22B1A66C13871D2D00D1DF39 /* ASIInputStream.m */; };
		22B1A67F13871D2D00D1DF39 /* ASIHTTPRequest.m in Sources */ = {isa = PBXBuildFile; fileRef = 22B1A67013871D2D00D1DF39 /* ASIHTTPRequest.m */; };
		22B1A68013871D2D00D1DF39 /* ASIFormDataRequest.m in Sources */ = {isa = PBXBuildFile; fileRef = 22B1A67213871D2D00D1DF39 /* ASIFormDataRequest.m */; };
		22B1A68113871D2D00D1DF39 /* ASIDownloadCache.m in Sources */ = {isa = PBXBuildFile; fileRef = 22B1A67413871D2D00D1DF39 /* ASIDownloadCache.m */; };
		22B1A68213871D2D00D1DF39 /* ASIDataDecompressor.m in Sources */ = {isa = PBXBuildFile; fileRef = 22B1A67613871D2D00D1DF39 /* ASIDataDecompressor.m */; };
		22B1A68313871D2D00D1DF39 /* ASIDataCompressor.m in Sources */ = {isa = PBXBuildFile; fileRef = 22B1A67813871D2D00D1DF39 /* ASIDataCompressor.m */; };
		22B1A68413871D2D00D1DF39 /* ASIAuthenticationDialog.m in Sources */ = {isa = PBXBuildFile; fileRef = 22B1A67B13871D2D00D1DF39 /* ASIAuthenticationDialog.m */; };
		22B1A68713871D4800D1DF39 /* Reachability.m in Sources */ = {isa = PBXBuildFile; fileRef = 22B1A68513871D4800D1DF39 /* Reachability.m */; };
		22B1A68913871E9900D1DF39 /* CFNetwork.framework in Frameworks */ = {isa = PBXBuildFile; fileRef = 22B1A68813871E9900D1DF39 /* CFNetwork.framework */; };
		22B1A68B13871EAA00D1DF39 /* SystemConfiguration.framework in Frameworks */ = {isa = PBXBuildFile; fileRef = 22B1A68A13871EAA00D1DF39 /* SystemConfiguration.framework */; };
		22B1A68D13871EBD00D1DF39 /* MobileCoreServices.framework in Frameworks */ = {isa = PBXBuildFile; fileRef = 22B1A68C13871EBD00D1DF39 /* MobileCoreServices.framework */; };
		22B1A68F13871ECC00D1DF39 /* libz.1.2.3.dylib in Frameworks */ = {isa = PBXBuildFile; fileRef = 22B1A68E13871ECC00D1DF39 /* libz.1.2.3.dylib */; };
/* End PBXBuildFile section */

/* Begin PBXContainerItemProxy section */
		22B1A6531386DA5500D1DF39 /* PBXContainerItemProxy */ = {
			isa = PBXContainerItemProxy;
			containerPortal = 22B1A6221386DA5400D1DF39 /* Project object */;
			proxyType = 1;
			remoteGlobalIDString = 22B1A62A1386DA5400D1DF39;
			remoteInfo = PicUp;
		};
/* End PBXContainerItemProxy section */

/* Begin PBXFileReference section */
		22B1A62B1386DA5400D1DF39 /* PicUp.app */ = {isa = PBXFileReference; explicitFileType = wrapper.application; includeInIndex = 0; path = PicUp.app; sourceTree = BUILT_PRODUCTS_DIR; };
		22B1A62F1386DA5500D1DF39 /* UIKit.framework */ = {isa = PBXFileReference; lastKnownFileType = wrapper.framework; name = UIKit.framework; path = System/Library/Frameworks/UIKit.framework; sourceTree = SDKROOT; };
		22B1A6311386DA5500D1DF39 /* Foundation.framework */ = {isa = PBXFileReference; lastKnownFileType = wrapper.framework; name = Foundation.framework; path = System/Library/Frameworks/Foundation.framework; sourceTree = SDKROOT; };
		22B1A6331386DA5500D1DF39 /* CoreGraphics.framework */ = {isa = PBXFileReference; lastKnownFileType = wrapper.framework; name = CoreGraphics.framework; path = System/Library/Frameworks/CoreGraphics.framework; sourceTree = SDKROOT; };
		22B1A6371386DA5500D1DF39 /* PicUp-Info.plist */ = {isa = PBXFileReference; lastKnownFileType = text.plist.xml; path = "PicUp-Info.plist"; sourceTree = "<group>"; };
		22B1A6391386DA5500D1DF39 /* en */ = {isa = PBXFileReference; lastKnownFileType = text.plist.strings; name = en; path = en.lproj/InfoPlist.strings; sourceTree = "<group>"; };
		22B1A63B1386DA5500D1DF39 /* PicUp-Prefix.pch */ = {isa = PBXFileReference; lastKnownFileType = sourcecode.c.h; path = "PicUp-Prefix.pch"; sourceTree = "<group>"; };
		22B1A63C1386DA5500D1DF39 /* main.m */ = {isa = PBXFileReference; lastKnownFileType = sourcecode.c.objc; path = main.m; sourceTree = "<group>"; };
		22B1A63E1386DA5500D1DF39 /* PicUpAppDelegate.h */ = {isa = PBXFileReference; lastKnownFileType = sourcecode.c.h; path = PicUpAppDelegate.h; sourceTree = "<group>"; };
		22B1A63F1386DA5500D1DF39 /* PicUpAppDelegate.m */ = {isa = PBXFileReference; lastKnownFileType = sourcecode.c.objc; path = PicUpAppDelegate.m; sourceTree = "<group>"; };
		22B1A6421386DA5500D1DF39 /* en */ = {isa = PBXFileReference; lastKnownFileType = file.xib; name = en; path = en.lproj/MainWindow.xib; sourceTree = "<group>"; };
		22B1A6441386DA5500D1DF39 /* PicUpViewController.h */ = {isa = PBXFileReference; lastKnownFileType = sourcecode.c.h; path = PicUpViewController.h; sourceTree = "<group>"; };
		22B1A6451386DA5500D1DF39 /* PicUpViewController.m */ = {isa = PBXFileReference; lastKnownFileType = sourcecode.c.objc; path = PicUpViewController.m; sourceTree = "<group>"; };
		22B1A6481386DA5500D1DF39 /* en */ = {isa = PBXFileReference; lastKnownFileType = file.xib; name = en; path = en.lproj/PicUpViewController.xib; sourceTree = "<group>"; };
		22B1A64F1386DA5500D1DF39 /* PicUpTests.octest */ = {isa = PBXFileReference; explicitFileType = wrapper.cfbundle; includeInIndex = 0; path = PicUpTests.octest; sourceTree = BUILT_PRODUCTS_DIR; };
		22B1A6571386DA5500D1DF39 /* PicUpTests-Info.plist */ = {isa = PBXFileReference; lastKnownFileType = text.plist.xml; path = "PicUpTests-Info.plist"; sourceTree = "<group>"; };
		22B1A6591386DA5500D1DF39 /* en */ = {isa = PBXFileReference; lastKnownFileType = text.plist.strings; name = en; path = en.lproj/InfoPlist.strings; sourceTree = "<group>"; };
		22B1A65B1386DA5500D1DF39 /* PicUpTests-Prefix.pch */ = {isa = PBXFileReference; lastKnownFileType = sourcecode.c.h; path = "PicUpTests-Prefix.pch"; sourceTree = "<group>"; };
		22B1A65C1386DA5500D1DF39 /* PicUpTests.h */ = {isa = PBXFileReference; lastKnownFileType = sourcecode.c.h; path = PicUpTests.h; sourceTree = "<group>"; };
		22B1A65E1386DA5500D1DF39 /* PicUpTests.m */ = {isa = PBXFileReference; lastKnownFileType = sourcecode.c.objc; path = PicUpTests.m; sourceTree = "<group>"; };
		22B1A66913871D2D00D1DF39 /* ASIProgressDelegate.h */ = {isa = PBXFileReference; fileEncoding = 4; lastKnownFileType = sourcecode.c.h; path = ASIProgressDelegate.h; sourceTree = "<group>"; };
		22B1A66A13871D2D00D1DF39 /* ASINetworkQueue.m */ = {isa = PBXFileReference; fileEncoding = 4; lastKnownFileType = sourcecode.c.objc; path = ASINetworkQueue.m; sourceTree = "<group>"; };
		22B1A66B13871D2D00D1DF39 /* ASINetworkQueue.h */ = {isa = PBXFileReference; fileEncoding = 4; lastKnownFileType = sourcecode.c.h; path = ASINetworkQueue.h; sourceTree = "<group>"; };
		22B1A66C13871D2D00D1DF39 /* ASIInputStream.m */ = {isa = PBXFileReference; fileEncoding = 4; lastKnownFileType = sourcecode.c.objc; path = ASIInputStream.m; sourceTree = "<group>"; };
		22B1A66D13871D2D00D1DF39 /* ASIInputStream.h */ = {isa = PBXFileReference; fileEncoding = 4; lastKnownFileType = sourcecode.c.h; path = ASIInputStream.h; sourceTree = "<group>"; };
		22B1A66E13871D2D00D1DF39 /* ASIHTTPRequestDelegate.h */ = {isa = PBXFileReference; fileEncoding = 4; lastKnownFileType = sourcecode.c.h; path = ASIHTTPRequestDelegate.h; sourceTree = "<group>"; };
		22B1A66F13871D2D00D1DF39 /* ASIHTTPRequestConfig.h */ = {isa = PBXFileReference; fileEncoding = 4; lastKnownFileType = sourcecode.c.h; path = ASIHTTPRequestConfig.h; sourceTree = "<group>"; };
		22B1A67013871D2D00D1DF39 /* ASIHTTPRequest.m */ = {isa = PBXFileReference; fileEncoding = 4; lastKnownFileType = sourcecode.c.objc; path = ASIHTTPRequest.m; sourceTree = "<group>"; };
		22B1A67113871D2D00D1DF39 /* ASIHTTPRequest.h */ = {isa = PBXFileReference; fileEncoding = 4; lastKnownFileType = sourcecode.c.h; path = ASIHTTPRequest.h; sourceTree = "<group>"; };
		22B1A67213871D2D00D1DF39 /* ASIFormDataRequest.m */ = {isa = PBXFileReference; fileEncoding = 4; lastKnownFileType = sourcecode.c.objc; path = ASIFormDataRequest.m; sourceTree = "<group>"; };
		22B1A67313871D2D00D1DF39 /* ASIFormDataRequest.h */ = {isa = PBXFileReference; fileEncoding = 4; lastKnownFileType = sourcecode.c.h; path = ASIFormDataRequest.h; sourceTree = "<group>"; };
		22B1A67413871D2D00D1DF39 /* ASIDownloadCache.m */ = {isa = PBXFileReference; fileEncoding = 4; lastKnownFileType = sourcecode.c.objc; path = ASIDownloadCache.m; sourceTree = "<group>"; };
		22B1A67513871D2D00D1DF39 /* ASIDownloadCache.h */ = {isa = PBXFileReference; fileEncoding = 4; lastKnownFileType = sourcecode.c.h; path = ASIDownloadCache.h; sourceTree = "<group>"; };
		22B1A67613871D2D00D1DF39 /* ASIDataDecompressor.m */ = {isa = PBXFileReference; fileEncoding = 4; lastKnownFileType = sourcecode.c.objc; path = ASIDataDecompressor.m; sourceTree = "<group>"; };
		22B1A67713871D2D00D1DF39 /* ASIDataDecompressor.h */ = {isa = PBXFileReference; fileEncoding = 4; lastKnownFileType = sourcecode.c.h; path = ASIDataDecompressor.h; sourceTree = "<group>"; };
		22B1A67813871D2D00D1DF39 /* ASIDataCompressor.m */ = {isa = PBXFileReference; fileEncoding = 4; lastKnownFileType = sourcecode.c.objc; path = ASIDataCompressor.m; sourceTree = "<group>"; };
		22B1A67913871D2D00D1DF39 /* ASIDataCompressor.h */ = {isa = PBXFileReference; fileEncoding = 4; lastKnownFileType = sourcecode.c.h; path = ASIDataCompressor.h; sourceTree = "<group>"; };
		22B1A67A13871D2D00D1DF39 /* ASICacheDelegate.h */ = {isa = PBXFileReference; fileEncoding = 4; lastKnownFileType = sourcecode.c.h; path = ASICacheDelegate.h; sourceTree = "<group>"; };
		22B1A67B13871D2D00D1DF39 /* ASIAuthenticationDialog.m */ = {isa = PBXFileReference; fileEncoding = 4; lastKnownFileType = sourcecode.c.objc; path = ASIAuthenticationDialog.m; sourceTree = "<group>"; };
		22B1A67C13871D2D00D1DF39 /* ASIAuthenticationDialog.h */ = {isa = PBXFileReference; fileEncoding = 4; lastKnownFileType = sourcecode.c.h; path = ASIAuthenticationDialog.h; sourceTree = "<group>"; };
		22B1A68513871D4800D1DF39 /* Reachability.m */ = {isa = PBXFileReference; fileEncoding = 4; lastKnownFileType = sourcecode.c.objc; path = Reachability.m; sourceTree = "<group>"; };
		22B1A68613871D4800D1DF39 /* Reachability.h */ = {isa = PBXFileReference; fileEncoding = 4; lastKnownFileType = sourcecode.c.h; path = Reachability.h; sourceTree = "<group>"; };
		22B1A68813871E9900D1DF39 /* CFNetwork.framework */ = {isa = PBXFileReference; lastKnownFileType = wrapper.framework; name = CFNetwork.framework; path = System/Library/Frameworks/CFNetwork.framework; sourceTree = SDKROOT; };
		22B1A68A13871EAA00D1DF39 /* SystemConfiguration.framework */ = {isa = PBXFileReference; lastKnownFileType = wrapper.framework; name = SystemConfiguration.framework; path = System/Library/Frameworks/SystemConfiguration.framework; sourceTree = SDKROOT; };
		22B1A68C13871EBD00D1DF39 /* MobileCoreServices.framework */ = {isa = PBXFileReference; lastKnownFileType = wrapper.framework; name = MobileCoreServices.framework; path = System/Library/Frameworks/MobileCoreServices.framework; sourceTree = SDKROOT; };
		22B1A68E13871ECC00D1DF39 /* libz.1.2.3.dylib */ = {isa = PBXFileReference; lastKnownFileType = "compiled.mach-o.dylib"; name = libz.1.2.3.dylib; path = usr/lib/libz.1.2.3.dylib; sourceTree = SDKROOT; };
/* End PBXFileReference section */

/* Begin PBXFrameworksBuildPhase section */
		22B1A6281386DA5400D1DF39 /* Frameworks */ = {
			isa = PBXFrameworksBuildPhase;
			buildActionMask = 2147483647;
			files = (
				22B1A68F13871ECC00D1DF39 /* libz.1.2.3.dylib in Frameworks */,
				22B1A68D13871EBD00D1DF39 /* MobileCoreServices.framework in Frameworks */,
				22B1A68B13871EAA00D1DF39 /* SystemConfiguration.framework in Frameworks */,
				22B1A68913871E9900D1DF39 /* CFNetwork.framework in Frameworks */,
				22B1A6301386DA5500D1DF39 /* UIKit.framework in Frameworks */,
				22B1A6321386DA5500D1DF39 /* Foundation.framework in Frameworks */,
				22B1A6341386DA5500D1DF39 /* CoreGraphics.framework in Frameworks */,
			);
			runOnlyForDeploymentPostprocessing = 0;
		};
		22B1A64B1386DA5500D1DF39 /* Frameworks */ = {
			isa = PBXFrameworksBuildPhase;
			buildActionMask = 2147483647;
			files = (
				22B1A6501386DA5500D1DF39 /* UIKit.framework in Frameworks */,
				22B1A6511386DA5500D1DF39 /* Foundation.framework in Frameworks */,
				22B1A6521386DA5500D1DF39 /* CoreGraphics.framework in Frameworks */,
			);
			runOnlyForDeploymentPostprocessing = 0;
		};
/* End PBXFrameworksBuildPhase section */

/* Begin PBXGroup section */
		22B1A6201386DA5400D1DF39 = {
			isa = PBXGroup;
			children = (
				22B1A68E13871ECC00D1DF39 /* libz.1.2.3.dylib */,
				22B1A68C13871EBD00D1DF39 /* MobileCoreServices.framework */,
				22B1A68A13871EAA00D1DF39 /* SystemConfiguration.framework */,
				22B1A68813871E9900D1DF39 /* CFNetwork.framework */,
				22B1A6351386DA5500D1DF39 /* PicUp */,
				22B1A6551386DA5500D1DF39 /* PicUpTests */,
				22B1A62E1386DA5400D1DF39 /* Frameworks */,
				22B1A62C1386DA5400D1DF39 /* Products */,
			);
			sourceTree = "<group>";
		};
		22B1A62C1386DA5400D1DF39 /* Products */ = {
			isa = PBXGroup;
			children = (
				22B1A62B1386DA5400D1DF39 /* PicUp.app */,
				22B1A64F1386DA5500D1DF39 /* PicUpTests.octest */,
			);
			name = Products;
			sourceTree = "<group>";
		};
		22B1A62E1386DA5400D1DF39 /* Frameworks */ = {
			isa = PBXGroup;
			children = (
				22B1A62F1386DA5500D1DF39 /* UIKit.framework */,
				22B1A6311386DA5500D1DF39 /* Foundation.framework */,
				22B1A6331386DA5500D1DF39 /* CoreGraphics.framework */,
			);
			name = Frameworks;
			sourceTree = "<group>";
		};
		22B1A6351386DA5500D1DF39 /* PicUp */ = {
			isa = PBXGroup;
			children = (
				22B1A66813871CDA00D1DF39 /* Network */,
				22B1A63E1386DA5500D1DF39 /* PicUpAppDelegate.h */,
				22B1A63F1386DA5500D1DF39 /* PicUpAppDelegate.m */,
				22B1A6411386DA5500D1DF39 /* MainWindow.xib */,
				22B1A6441386DA5500D1DF39 /* PicUpViewController.h */,
				22B1A6451386DA5500D1DF39 /* PicUpViewController.m */,
				22B1A6471386DA5500D1DF39 /* PicUpViewController.xib */,
				22B1A6361386DA5500D1DF39 /* Supporting Files */,
			);
			path = PicUp;
			sourceTree = "<group>";
		};
		22B1A6361386DA5500D1DF39 /* Supporting Files */ = {
			isa = PBXGroup;
			children = (
				22B1A6371386DA5500D1DF39 /* PicUp-Info.plist */,
				22B1A6381386DA5500D1DF39 /* InfoPlist.strings */,
				22B1A63B1386DA5500D1DF39 /* PicUp-Prefix.pch */,
				22B1A63C1386DA5500D1DF39 /* main.m */,
			);
			name = "Supporting Files";
			sourceTree = "<group>";
		};
		22B1A6551386DA5500D1DF39 /* PicUpTests */ = {
			isa = PBXGroup;
			children = (
				22B1A65C1386DA5500D1DF39 /* PicUpTests.h */,
				22B1A65E1386DA5500D1DF39 /* PicUpTests.m */,
				22B1A6561386DA5500D1DF39 /* Supporting Files */,
			);
			path = PicUpTests;
			sourceTree = "<group>";
		};
		22B1A6561386DA5500D1DF39 /* Supporting Files */ = {
			isa = PBXGroup;
			children = (
				22B1A6571386DA5500D1DF39 /* PicUpTests-Info.plist */,
				22B1A6581386DA5500D1DF39 /* InfoPlist.strings */,
				22B1A65B1386DA5500D1DF39 /* PicUpTests-Prefix.pch */,
			);
			name = "Supporting Files";
			sourceTree = "<group>";
		};
		22B1A66813871CDA00D1DF39 /* Network */ = {
			isa = PBXGroup;
			children = (
				22B1A68513871D4800D1DF39 /* Reachability.m */,
				22B1A68613871D4800D1DF39 /* Reachability.h */,
				22B1A66913871D2D00D1DF39 /* ASIProgressDelegate.h */,
				22B1A66A13871D2D00D1DF39 /* ASINetworkQueue.m */,
				22B1A66B13871D2D00D1DF39 /* ASINetworkQueue.h */,
				22B1A66C13871D2D00D1DF39 /* ASIInputStream.m */,
				22B1A66D13871D2D00D1DF39 /* ASIInputStream.h */,
				22B1A66E13871D2D00D1DF39 /* ASIHTTPRequestDelegate.h */,
				22B1A66F13871D2D00D1DF39 /* ASIHTTPRequestConfig.h */,
				22B1A67013871D2D00D1DF39 /* ASIHTTPRequest.m */,
				22B1A67113871D2D00D1DF39 /* ASIHTTPRequest.h */,
				22B1A67213871D2D00D1DF39 /* ASIFormDataRequest.m */,
				22B1A67313871D2D00D1DF39 /* ASIFormDataRequest.h */,
				22B1A67413871D2D00D1DF39 /* ASIDownloadCache.m */,
				22B1A67513871D2D00D1DF39 /* ASIDownloadCache.h */,
				22B1A67613871D2D00D1DF39 /* ASIDataDecompressor.m */,
				22B1A67713871D2D00D1DF39 /* ASIDataDecompressor.h */,
				22B1A67813871D2D00D1DF39 /* ASIDataCompressor.m */,
				22B1A67913871D2D00D1DF39 /* ASIDataCompressor.h */,
				22B1A67A13871D2D00D1DF39 /* ASICacheDelegate.h */,
				22B1A67B13871D2D00D1DF39 /* ASIAuthenticationDialog.m */,
				22B1A67C13871D2D00D1DF39 /* ASIAuthenticationDialog.h */,
			);
			name = Network;
			path = network;
			sourceTree = "<group>";
		};
/* End PBXGroup section */

/* Begin PBXNativeTarget section */
		22B1A62A1386DA5400D1DF39 /* PicUp */ = {
			isa = PBXNativeTarget;
			buildConfigurationList = 22B1A6621386DA5500D1DF39 /* Build configuration list for PBXNativeTarget "PicUp" */;
			buildPhases = (
				22B1A6271386DA5400D1DF39 /* Sources */,
				22B1A6281386DA5400D1DF39 /* Frameworks */,
				22B1A6291386DA5400D1DF39 /* Resources */,
			);
			buildRules = (
			);
			dependencies = (
			);
			name = PicUp;
			productName = PicUp;
			productReference = 22B1A62B1386DA5400D1DF39 /* PicUp.app */;
			productType = "com.apple.product-type.application";
		};
		22B1A64E1386DA5500D1DF39 /* PicUpTests */ = {
			isa = PBXNativeTarget;
			buildConfigurationList = 22B1A6651386DA5500D1DF39 /* Build configuration list for PBXNativeTarget "PicUpTests" */;
			buildPhases = (
				22B1A64A1386DA5500D1DF39 /* Sources */,
				22B1A64B1386DA5500D1DF39 /* Frameworks */,
				22B1A64C1386DA5500D1DF39 /* Resources */,
				22B1A64D1386DA5500D1DF39 /* ShellScript */,
			);
			buildRules = (
			);
			dependencies = (
				22B1A6541386DA5500D1DF39 /* PBXTargetDependency */,
			);
			name = PicUpTests;
			productName = PicUpTests;
			productReference = 22B1A64F1386DA5500D1DF39 /* PicUpTests.octest */;
			productType = "com.apple.product-type.bundle";
		};
/* End PBXNativeTarget section */

/* Begin PBXProject section */
		22B1A6221386DA5400D1DF39 /* Project object */ = {
			isa = PBXProject;
			buildConfigurationList = 22B1A6251386DA5400D1DF39 /* Build configuration list for PBXProject "PicUp" */;
			compatibilityVersion = "Xcode 3.2";
			developmentRegion = English;
			hasScannedForEncodings = 0;
			knownRegions = (
				en,
			);
			mainGroup = 22B1A6201386DA5400D1DF39;
			productRefGroup = 22B1A62C1386DA5400D1DF39 /* Products */;
			projectDirPath = "";
			projectRoot = "";
			targets = (
				22B1A62A1386DA5400D1DF39 /* PicUp */,
				22B1A64E1386DA5500D1DF39 /* PicUpTests */,
			);
		};
/* End PBXProject section */

/* Begin PBXResourcesBuildPhase section */
		22B1A6291386DA5400D1DF39 /* Resources */ = {
			isa = PBXResourcesBuildPhase;
			buildActionMask = 2147483647;
			files = (
				22B1A63A1386DA5500D1DF39 /* InfoPlist.strings in Resources */,
				22B1A6431386DA5500D1DF39 /* MainWindow.xib in Resources */,
				22B1A6491386DA5500D1DF39 /* PicUpViewController.xib in Resources */,
			);
			runOnlyForDeploymentPostprocessing = 0;
		};
		22B1A64C1386DA5500D1DF39 /* Resources */ = {
			isa = PBXResourcesBuildPhase;
			buildActionMask = 2147483647;
			files = (
				22B1A65A1386DA5500D1DF39 /* InfoPlist.strings in Resources */,
				22B1A65D1386DA5500D1DF39 /* PicUpTests.h in Resources */,
			);
			runOnlyForDeploymentPostprocessing = 0;
		};
/* End PBXResourcesBuildPhase section */

/* Begin PBXShellScriptBuildPhase section */
		22B1A64D1386DA5500D1DF39 /* ShellScript */ = {
			isa = PBXShellScriptBuildPhase;
			buildActionMask = 2147483647;
			files = (
			);
			inputPaths = (
			);
			outputPaths = (
			);
			runOnlyForDeploymentPostprocessing = 0;
			shellPath = /bin/sh;
			shellScript = "# Run the unit tests in this test bundle.\n\"${SYSTEM_DEVELOPER_DIR}/Tools/RunUnitTests\"\n";
		};
/* End PBXShellScriptBuildPhase section */

/* Begin PBXSourcesBuildPhase section */
		22B1A6271386DA5400D1DF39 /* Sources */ = {
			isa = PBXSourcesBuildPhase;
			buildActionMask = 2147483647;
			files = (
				22B1A63D1386DA5500D1DF39 /* main.m in Sources */,
				22B1A6401386DA5500D1DF39 /* PicUpAppDelegate.m in Sources */,
				22B1A6461386DA5500D1DF39 /* PicUpViewController.m in Sources */,
				22B1A67D13871D2D00D1DF39 /* ASINetworkQueue.m in Sources */,
				22B1A67E13871D2D00D1DF39 /* ASIInputStream.m in Sources */,
				22B1A67F13871D2D00D1DF39 /* ASIHTTPRequest.m in Sources */,
				22B1A68013871D2D00D1DF39 /* ASIFormDataRequest.m in Sources */,
				22B1A68113871D2D00D1DF39 /* ASIDownloadCache.m in Sources */,
				22B1A68213871D2D00D1DF39 /* ASIDataDecompressor.m in Sources */,
				22B1A68313871D2D00D1DF39 /* ASIDataCompressor.m in Sources */,
				22B1A68413871D2D00D1DF39 /* ASIAuthenticationDialog.m in Sources */,
				22B1A68713871D4800D1DF39 /* Reachability.m in Sources */,
			);
			runOnlyForDeploymentPostprocessing = 0;
		};
		22B1A64A1386DA5500D1DF39 /* Sources */ = {
			isa = PBXSourcesBuildPhase;
			buildActionMask = 2147483647;
			files = (
				22B1A65F1386DA5500D1DF39 /* PicUpTests.m in Sources */,
			);
			runOnlyForDeploymentPostprocessing = 0;
		};
/* End PBXSourcesBuildPhase section */

/* Begin PBXTargetDependency section */
		22B1A6541386DA5500D1DF39 /* PBXTargetDependency */ = {
			isa = PBXTargetDependency;
			target = 22B1A62A1386DA5400D1DF39 /* PicUp */;
			targetProxy = 22B1A6531386DA5500D1DF39 /* PBXContainerItemProxy */;
		};
/* End PBXTargetDependency section */

/* Begin PBXVariantGroup section */
		22B1A6381386DA5500D1DF39 /* InfoPlist.strings */ = {
			isa = PBXVariantGroup;
			children = (
				22B1A6391386DA5500D1DF39 /* en */,
			);
			name = InfoPlist.strings;
			sourceTree = "<group>";
		};
		22B1A6411386DA5500D1DF39 /* MainWindow.xib */ = {
			isa = PBXVariantGroup;
			children = (
				22B1A6421386DA5500D1DF39 /* en */,
			);
			name = MainWindow.xib;
			sourceTree = "<group>";
		};
		22B1A6471386DA5500D1DF39 /* PicUpViewController.xib */ = {
			isa = PBXVariantGroup;
			children = (
				22B1A6481386DA5500D1DF39 /* en */,
			);
			name = PicUpViewController.xib;
			sourceTree = "<group>";
		};
		22B1A6581386DA5500D1DF39 /* InfoPlist.strings */ = {
			isa = PBXVariantGroup;
			children = (
				22B1A6591386DA5500D1DF39 /* en */,
			);
			name = InfoPlist.strings;
			sourceTree = "<group>";
		};
/* End PBXVariantGroup section */

/* Begin XCBuildConfiguration section */
		22B1A6601386DA5500D1DF39 /* Debug */ = {
			isa = XCBuildConfiguration;
			buildSettings = {
				ARCHS = "$(ARCHS_STANDARD_32_BIT)";
				"CODE_SIGN_IDENTITY[sdk=iphoneos*]" = "iPhone Developer";
				GCC_C_LANGUAGE_STANDARD = gnu99;
				GCC_OPTIMIZATION_LEVEL = 0;
				GCC_PREPROCESSOR_DEFINITIONS = DEBUG;
				GCC_SYMBOLS_PRIVATE_EXTERN = NO;
				GCC_VERSION = com.apple.compilers.llvmgcc42;
				GCC_WARN_ABOUT_RETURN_TYPE = YES;
				GCC_WARN_UNUSED_VARIABLE = YES;
				IPHONEOS_DEPLOYMENT_TARGET = 4.3;
				SDKROOT = iphoneos;
			};
			name = Debug;
		};
		22B1A6611386DA5500D1DF39 /* Release */ = {
			isa = XCBuildConfiguration;
			buildSettings = {
				ARCHS = "$(ARCHS_STANDARD_32_BIT)";
				"CODE_SIGN_IDENTITY[sdk=iphoneos*]" = "iPhone Developer";
				GCC_C_LANGUAGE_STANDARD = gnu99;
				GCC_VERSION = com.apple.compilers.llvmgcc42;
				GCC_WARN_ABOUT_RETURN_TYPE = YES;
				GCC_WARN_UNUSED_VARIABLE = YES;
				IPHONEOS_DEPLOYMENT_TARGET = 4.3;
				OTHER_CFLAGS = "-DNS_BLOCK_ASSERTIONS=1";
				SDKROOT = iphoneos;
			};
			name = Release;
		};
		22B1A6631386DA5500D1DF39 /* Debug */ = {
			isa = XCBuildConfiguration;
			buildSettings = {
				ALWAYS_SEARCH_USER_PATHS = NO;
				COPY_PHASE_STRIP = NO;
				GCC_DYNAMIC_NO_PIC = NO;
				GCC_PRECOMPILE_PREFIX_HEADER = YES;
				GCC_PREFIX_HEADER = "PicUp/PicUp-Prefix.pch";
				INFOPLIST_FILE = "PicUp/PicUp-Info.plist";
				PRODUCT_NAME = "$(TARGET_NAME)";
				WRAPPER_EXTENSION = app;
			};
			name = Debug;
		};
		22B1A6641386DA5500D1DF39 /* Release */ = {
			isa = XCBuildConfiguration;
			buildSettings = {
				ALWAYS_SEARCH_USER_PATHS = NO;
				COPY_PHASE_STRIP = YES;
				GCC_PRECOMPILE_PREFIX_HEADER = YES;
				GCC_PREFIX_HEADER = "PicUp/PicUp-Prefix.pch";
				INFOPLIST_FILE = "PicUp/PicUp-Info.plist";
				PRODUCT_NAME = "$(TARGET_NAME)";
				VALIDATE_PRODUCT = YES;
				WRAPPER_EXTENSION = app;
			};
			name = Release;
		};
		22B1A6661386DA5500D1DF39 /* Debug */ = {
			isa = XCBuildConfiguration;
			buildSettings = {
				ALWAYS_SEARCH_USER_PATHS = NO;
				BUNDLE_LOADER = "$(BUILT_PRODUCTS_DIR)/PicUp.app/PicUp";
				FRAMEWORK_SEARCH_PATHS = (
					"$(SDKROOT)/Developer/Library/Frameworks",
					"$(DEVELOPER_LIBRARY_DIR)/Frameworks",
				);
				GCC_PRECOMPILE_PREFIX_HEADER = YES;
				GCC_PREFIX_HEADER = "PicUpTests/PicUpTests-Prefix.pch";
				INFOPLIST_FILE = "PicUpTests/PicUpTests-Info.plist";
				OTHER_LDFLAGS = (
					"-framework",
					SenTestingKit,
				);
				PRODUCT_NAME = "$(TARGET_NAME)";
				TEST_HOST = "$(BUNDLE_LOADER)";
				WRAPPER_EXTENSION = octest;
			};
			name = Debug;
		};
		22B1A6671386DA5500D1DF39 /* Release */ = {
			isa = XCBuildConfiguration;
			buildSettings = {
				ALWAYS_SEARCH_USER_PATHS = NO;
				BUNDLE_LOADER = "$(BUILT_PRODUCTS_DIR)/PicUp.app/PicUp";
				FRAMEWORK_SEARCH_PATHS = (
					"$(SDKROOT)/Developer/Library/Frameworks",
					"$(DEVELOPER_LIBRARY_DIR)/Frameworks",
				);
				GCC_PRECOMPILE_PREFIX_HEADER = YES;
				GCC_PREFIX_HEADER = "PicUpTests/PicUpTests-Prefix.pch";
				INFOPLIST_FILE = "PicUpTests/PicUpTests-Info.plist";
				OTHER_LDFLAGS = (
					"-framework",
					SenTestingKit,
				);
				PRODUCT_NAME = "$(TARGET_NAME)";
				TEST_HOST = "$(BUNDLE_LOADER)";
				WRAPPER_EXTENSION = octest;
			};
			name = Release;
		};
/* End XCBuildConfiguration section */

/* Begin XCConfigurationList section */
		22B1A6251386DA5400D1DF39 /* Build configuration list for PBXProject "PicUp" */ = {
			isa = XCConfigurationList;
			buildConfigurations = (
				22B1A6601386DA5500D1DF39 /* Debug */,
				22B1A6611386DA5500D1DF39 /* Release */,
			);
			defaultConfigurationIsVisible = 0;
			defaultConfigurationName = Release;
		};
		22B1A6621386DA5500D1DF39 /* Build configuration list for PBXNativeTarget "PicUp" */ = {
			isa = XCConfigurationList;
			buildConfigurations = (
				22B1A6631386DA5500D1DF39 /* Debug */,
				22B1A6641386DA5500D1DF39 /* Release */,
			);
			defaultConfigurationIsVisible = 0;
		};
		22B1A6651386DA5500D1DF39 /* Build configuration list for PBXNativeTarget "PicUpTests" */ = {
			isa = XCConfigurationList;
			buildConfigurations = (
				22B1A6661386DA5500D1DF39 /* Debug */,
				22B1A6671386DA5500D1DF39 /* Release */,
			);
			defaultConfigurationIsVisible = 0;
		};
/* End XCConfigurationList section */
	};
	rootObject = 22B1A6221386DA5400D1DF39 /* Project object */;
}
